
Microsoft Visual Studio Solution File, Format Version 12.00
# Visual Studio Version 17
VisualStudioVersion = 17.9.34728.123
MinimumVisualStudioVersion = 10.0.40219.1
Project("{9A19103F-16F7-4668-BE54-9A1E7A4F7556}") = "CalculadoraCientifica", "CalculadoraCientifica.csproj", "{A347D4FC-815F-468C-9030-4FB34D3057C6}"
EndProject
Global
	GlobalSection(SolutionConfigurationPlatforms) = preSolution
		Debug|Any CPU = Debug|Any CPU
		Release|Any CPU = Release|Any CPU
	EndGlobalSection
	GlobalSection(ProjectConfigurationPlatforms) = postSolution
		{A347D4FC-815F-468C-9030-4FB34D3057C6}.Debug|Any CPU.ActiveCfg = Debug|Any CPU
		{A347D4FC-815F-468C-9030-4FB34D3057C6}.Debug|Any CPU.Build.0 = Debug|Any CPU
		{A347D4FC-815F-468C-9030-4FB34D3057C6}.Release|Any CPU.ActiveCfg = Release|Any CPU
		{A347D4FC-815F-468C-9030-4FB34D3057C6}.Release|Any CPU.Build.0 = Release|Any CPU
	EndGlobalSection
	GlobalSection(SolutionProperties) = preSolution
		HideSolutionNode = FALSE
	EndGlobalSection
	GlobalSection(ExtensibilityGlobals) = postSolution
		SolutionGuid = {ADC00966-8B67-4E9E-87F2-33884B4AFB9D}
	EndGlobalSection
EndGlobal
